#
# This file is autogenerated by pip-compile with Python 3.13
# by the following command:
#
#    pip-compile --output-file='/Users/sec-t/Downloads/直播录制/live-recorder/requirements.lock' '/Users/sec-t/Downloads/直播录制/live-recorder/requirements.txt'
#
aiofiles==24.1.0
    # via -r /Users/sec-t/Downloads/直播录制/live-recorder/requirements.txt
aiosqlite==0.20.0
    # via -r /Users/sec-t/Downloads/直播录制/live-recorder/requirements.txt
annotated-types==0.8.0
    # via pydantic
anyio==4.14.2
    # via
    #   httpx
    #   starlette
    #   watchfiles
certifi==2026.7.22
    # via
    #   httpcore
    #   httpx
click==8.4.2
    # via uvicorn
fastapi==0.115.6
    # via -r /Users/sec-t/Downloads/直播录制/live-recorder/requirements.txt
gmssl==3.2.2
    # via -r /Users/sec-t/Downloads/直播录制/live-recorder/requirements.txt
h11==0.16.0
    # via
    #   httpcore
    #   uvicorn
httpcore==1.0.9
    # via httpx
httptools==0.8.0
    # via uvicorn
httpx==0.28.1
    # via -r /Users/sec-t/Downloads/直播录制/live-recorder/requirements.txt
idna==3.19
    # via
    #   anyio
    #   httpx
psutil==6.1.1
    # via -r /Users/sec-t/Downloads/直播录制/live-recorder/requirements.txt
pycryptodomex==3.23.0
    # via gmssl
pydantic==2.10.4
    # via
    #   -r /Users/sec-t/Downloads/直播录制/live-recorder/requirements.txt
    #   fastapi
    #   pydantic-settings
pydantic-core==2.27.2
    # via pydantic
pydantic-settings==2.7.1
    # via -r /Users/sec-t/Downloads/直播录制/live-recorder/requirements.txt
python-dotenv==1.2.3
    # via
    #   pydantic-settings
    #   uvicorn
python-multipart==0.0.20
    # via -r /Users/sec-t/Downloads/直播录制/live-recorder/requirements.txt
pyyaml==6.0.3
    # via uvicorn
sqlalchemy==2.0.36
    # via -r /Users/sec-t/Downloads/直播录制/live-recorder/requirements.txt
starlette==0.41.3
    # via fastapi
typing-extensions==4.16.0
    # via
    #   aiosqlite
    #   fastapi
    #   pydantic
    #   pydantic-core
    #   sqlalchemy
uvicorn[standard]==0.34.0
    # via -r /Users/sec-t/Downloads/直播录制/live-recorder/requirements.txt
uvloop==0.22.1
    # via uvicorn
watchfiles==1.2.0
    # via uvicorn
websockets==14.1
    # via
    #   -r /Users/sec-t/Downloads/直播录制/live-recorder/requirements.txt
    #   uvicorn
